<Solution>
  <Project Path="ProdutosApi.Presentation/ProdutosApi.Presentation.csproj" />
  <Project Path="src/Produtos.Application/Produtos.Application.csproj" />
  <Project Path="src/ProdutosApi.Domain/ProdutosApi.Domain.csproj" />
  <Project Path="src/PrrodutoApi.Infrastructure/PrrodutoApi.Infrastructure.csproj" />
</Solution>
